
Microsoft Visual Studio Solution File, Format Version 12.00
# Visual Studio 15
VisualStudioVersion = 15.0.27703.2047
MinimumVisualStudioVersion = 10.0.40219.1
Project("{8BC9CEB8-8B4A-11D0-8D11-00A0C91BC942}") = "phonelist", "phonelist\phonelist.vcxproj", "{44943014-40A0-4F42-80A9-0BF193FBDFBB}"
EndProject
Global
	GlobalSection(SolutionConfigurationPlatforms) = preSolution
		Debug|x64 = Debug|x64
		Debug|x86 = Debug|x86
		Release|x64 = Release|x64
		Release|x86 = Release|x86
	EndGlobalSection
	GlobalSection(ProjectConfigurationPlatforms) = postSolution
		{44943014-40A0-4F42-80A9-0BF193FBDFBB}.Debug|x64.ActiveCfg = Debug|x64
		{44943014-40A0-4F42-80A9-0BF193FBDFBB}.Debug|x64.Build.0 = Debug|x64
		{44943014-40A0-4F42-80A9-0BF193FBDFBB}.Debug|x86.ActiveCfg = Debug|Win32
		{44943014-40A0-4F42-80A9-0BF193FBDFBB}.Debug|x86.Build.0 = Debug|Win32
		{44943014-40A0-4F42-80A9-0BF193FBDFBB}.Release|x64.ActiveCfg = Release|x64
		{44943014-40A0-4F42-80A9-0BF193FBDFBB}.Release|x64.Build.0 = Release|x64
		{44943014-40A0-4F42-80A9-0BF193FBDFBB}.Release|x86.ActiveCfg = Release|Win32
		{44943014-40A0-4F42-80A9-0BF193FBDFBB}.Release|x86.Build.0 = Release|Win32
	EndGlobalSection
	GlobalSection(SolutionProperties) = preSolution
		HideSolutionNode = FALSE
	EndGlobalSection
	GlobalSection(ExtensibilityGlobals) = postSolution
		SolutionGuid = {CE882D95-0052-4D4B-B3CD-97CE8641D3D5}
	EndGlobalSection
EndGlobal
